
Microsoft Visual Studio Solution File, Format Version 12.00
# Visual Studio Version 17
VisualStudioVersion = 17.7.34031.279
MinimumVisualStudioVersion = 10.0.40219.1
Project("{FAE04EC0-301F-11D3-BF4B-00C04F79EFBC}") = "LoopTask", "LoopTask.csproj", "{EB5735F5-7F22-41AF-AB3A-6D7AEAF07C79}"
EndProject
Project("{FAE04EC0-301F-11D3-BF4B-00C04F79EFBC}") = "TekVeCutEdedlerinSayi", "..\TekVeCutEdedlerinSayi\TekVeCutEdedlerinSayi.csproj", "{2127B51D-E1DD-49D7-BCBA-FC58CA1906A2}"
EndProject
Project("{FAE04EC0-301F-11D3-BF4B-00C04F79EFBC}") = "PositiveNumber", "..\PositiveNumber\PositiveNumber.csproj", "{6F673278-4F5B-4394-99C5-5FF111A3858C}"
EndProject
Project("{FAE04EC0-301F-11D3-BF4B-00C04F79EFBC}") = "ReqemlerCemi", "..\ReqemlerCemi\ReqemlerCemi.csproj", "{9DCC6BAE-4521-4C13-BA20-3D96A1C3A691}"
EndProject
Project("{FAE04EC0-301F-11D3-BF4B-00C04F79EFBC}") = "Fibonacci", "..\Fibonacci\Fibonacci.csproj", "{4ADAC74B-B281-448B-B815-A3B4CA64354E}"
EndProject
Global
	GlobalSection(SolutionConfigurationPlatforms) = preSolution
		Debug|Any CPU = Debug|Any CPU
		Release|Any CPU = Release|Any CPU
	EndGlobalSection
	GlobalSection(ProjectConfigurationPlatforms) = postSolution
		{EB5735F5-7F22-41AF-AB3A-6D7AEAF07C79}.Debug|Any CPU.ActiveCfg = Debug|Any CPU
		{EB5735F5-7F22-41AF-AB3A-6D7AEAF07C79}.Debug|Any CPU.Build.0 = Debug|Any CPU
		{EB5735F5-7F22-41AF-AB3A-6D7AEAF07C79}.Release|Any CPU.ActiveCfg = Release|Any CPU
		{EB5735F5-7F22-41AF-AB3A-6D7AEAF07C79}.Release|Any CPU.Build.0 = Release|Any CPU
		{2127B51D-E1DD-49D7-BCBA-FC58CA1906A2}.Debug|Any CPU.ActiveCfg = Debug|Any CPU
		{2127B51D-E1DD-49D7-BCBA-FC58CA1906A2}.Debug|Any CPU.Build.0 = Debug|Any CPU
		{2127B51D-E1DD-49D7-BCBA-FC58CA1906A2}.Release|Any CPU.ActiveCfg = Release|Any CPU
		{2127B51D-E1DD-49D7-BCBA-FC58CA1906A2}.Release|Any CPU.Build.0 = Release|Any CPU
		{6F673278-4F5B-4394-99C5-5FF111A3858C}.Debug|Any CPU.ActiveCfg = Debug|Any CPU
		{6F673278-4F5B-4394-99C5-5FF111A3858C}.Debug|Any CPU.Build.0 = Debug|Any CPU
		{6F673278-4F5B-4394-99C5-5FF111A3858C}.Release|Any CPU.ActiveCfg = Release|Any CPU
		{6F673278-4F5B-4394-99C5-5FF111A3858C}.Release|Any CPU.Build.0 = Release|Any CPU
		{9DCC6BAE-4521-4C13-BA20-3D96A1C3A691}.Debug|Any CPU.ActiveCfg = Debug|Any CPU
		{9DCC6BAE-4521-4C13-BA20-3D96A1C3A691}.Debug|Any CPU.Build.0 = Debug|Any CPU
		{9DCC6BAE-4521-4C13-BA20-3D96A1C3A691}.Release|Any CPU.ActiveCfg = Release|Any CPU
		{9DCC6BAE-4521-4C13-BA20-3D96A1C3A691}.Release|Any CPU.Build.0 = Release|Any CPU
		{4ADAC74B-B281-448B-B815-A3B4CA64354E}.Debug|Any CPU.ActiveCfg = Debug|Any CPU
		{4ADAC74B-B281-448B-B815-A3B4CA64354E}.Debug|Any CPU.Build.0 = Debug|Any CPU
		{4ADAC74B-B281-448B-B815-A3B4CA64354E}.Release|Any CPU.ActiveCfg = Release|Any CPU
		{4ADAC74B-B281-448B-B815-A3B4CA64354E}.Release|Any CPU.Build.0 = Release|Any CPU
	EndGlobalSection
	GlobalSection(SolutionProperties) = preSolution
		HideSolutionNode = FALSE
	EndGlobalSection
	GlobalSection(ExtensibilityGlobals) = postSolution
		SolutionGuid = {71C7BB47-8154-4148-848C-B8BBCE4F5152}
	EndGlobalSection
EndGlobal
